
Microsoft Visual Studio Solution File, Format Version 12.00
# Visual Studio 15
VisualStudioVersion = 15.0.27130.2024
MinimumVisualStudioVersion = 10.0.40219.1
Project("{8BC9CEB8-8B4A-11D0-8D11-00A0C91BC942}") = "n进制数", "n进制数\n进制数.vcxproj", "{1F61145E-9D87-471A-8866-0DC7EE421007}"
EndProject
Global
	GlobalSection(SolutionConfigurationPlatforms) = preSolution
		Debug|x64 = Debug|x64
		Debug|x86 = Debug|x86
		Release|x64 = Release|x64
		Release|x86 = Release|x86
	EndGlobalSection
	GlobalSection(ProjectConfigurationPlatforms) = postSolution
		{1F61145E-9D87-471A-8866-0DC7EE421007}.Debug|x64.ActiveCfg = Debug|x64
		{1F61145E-9D87-471A-8866-0DC7EE421007}.Debug|x64.Build.0 = Debug|x64
		{1F61145E-9D87-471A-8866-0DC7EE421007}.Debug|x86.ActiveCfg = Debug|Win32
		{1F61145E-9D87-471A-8866-0DC7EE421007}.Debug|x86.Build.0 = Debug|Win32
		{1F61145E-9D87-471A-8866-0DC7EE421007}.Release|x64.ActiveCfg = Release|x64
		{1F61145E-9D87-471A-8866-0DC7EE421007}.Release|x64.Build.0 = Release|x64
		{1F61145E-9D87-471A-8866-0DC7EE421007}.Release|x86.ActiveCfg = Release|Win32
		{1F61145E-9D87-471A-8866-0DC7EE421007}.Release|x86.Build.0 = Release|Win32
	EndGlobalSection
	GlobalSection(SolutionProperties) = preSolution
		HideSolutionNode = FALSE
	EndGlobalSection
	GlobalSection(ExtensibilityGlobals) = postSolution
		SolutionGuid = {1D5D91CD-DAAA-4972-B77E-048C856BD8F9}
	EndGlobalSection
EndGlobal
