
Microsoft Visual Studio Solution File, Format Version 12.00
# Visual Studio 15
VisualStudioVersion = 15.0.27130.2024
MinimumVisualStudioVersion = 10.0.40219.1
Project("{8BC9CEB8-8B4A-11D0-8D11-00A0C91BC942}") = "二叉链表存储的二叉树", "二叉链表存储的二叉树\二叉链表存储的二叉树.vcxproj", "{464F8E59-FA9C-4F3C-BCB2-BEC6E91E80C2}"
EndProject
Global
	GlobalSection(SolutionConfigurationPlatforms) = preSolution
		Debug|x64 = Debug|x64
		Debug|x86 = Debug|x86
		Release|x64 = Release|x64
		Release|x86 = Release|x86
	EndGlobalSection
	GlobalSection(ProjectConfigurationPlatforms) = postSolution
		{464F8E59-FA9C-4F3C-BCB2-BEC6E91E80C2}.Debug|x64.ActiveCfg = Debug|x64
		{464F8E59-FA9C-4F3C-BCB2-BEC6E91E80C2}.Debug|x64.Build.0 = Debug|x64
		{464F8E59-FA9C-4F3C-BCB2-BEC6E91E80C2}.Debug|x86.ActiveCfg = Debug|Win32
		{464F8E59-FA9C-4F3C-BCB2-BEC6E91E80C2}.Debug|x86.Build.0 = Debug|Win32
		{464F8E59-FA9C-4F3C-BCB2-BEC6E91E80C2}.Release|x64.ActiveCfg = Release|x64
		{464F8E59-FA9C-4F3C-BCB2-BEC6E91E80C2}.Release|x64.Build.0 = Release|x64
		{464F8E59-FA9C-4F3C-BCB2-BEC6E91E80C2}.Release|x86.ActiveCfg = Release|Win32
		{464F8E59-FA9C-4F3C-BCB2-BEC6E91E80C2}.Release|x86.Build.0 = Release|Win32
	EndGlobalSection
	GlobalSection(SolutionProperties) = preSolution
		HideSolutionNode = FALSE
	EndGlobalSection
	GlobalSection(ExtensibilityGlobals) = postSolution
		SolutionGuid = {D7E66927-36AD-4846-B86F-CD34749AC5F3}
	EndGlobalSection
EndGlobal
