
Microsoft Visual Studio Solution File, Format Version 12.00
# Visual Studio 15
VisualStudioVersion = 15.0.27130.2024
MinimumVisualStudioVersion = 10.0.40219.1
Project("{8BC9CEB8-8B4A-11D0-8D11-00A0C91BC942}") = "图的广搜", "图的广搜\图的广搜.vcxproj", "{A5FDA5A8-2B61-4645-BA36-2C4C0C080C81}"
EndProject
Global
	GlobalSection(SolutionConfigurationPlatforms) = preSolution
		Debug|x64 = Debug|x64
		Debug|x86 = Debug|x86
		Release|x64 = Release|x64
		Release|x86 = Release|x86
	EndGlobalSection
	GlobalSection(ProjectConfigurationPlatforms) = postSolution
		{A5FDA5A8-2B61-4645-BA36-2C4C0C080C81}.Debug|x64.ActiveCfg = Debug|x64
		{A5FDA5A8-2B61-4645-BA36-2C4C0C080C81}.Debug|x64.Build.0 = Debug|x64
		{A5FDA5A8-2B61-4645-BA36-2C4C0C080C81}.Debug|x86.ActiveCfg = Debug|Win32
		{A5FDA5A8-2B61-4645-BA36-2C4C0C080C81}.Debug|x86.Build.0 = Debug|Win32
		{A5FDA5A8-2B61-4645-BA36-2C4C0C080C81}.Release|x64.ActiveCfg = Release|x64
		{A5FDA5A8-2B61-4645-BA36-2C4C0C080C81}.Release|x64.Build.0 = Release|x64
		{A5FDA5A8-2B61-4645-BA36-2C4C0C080C81}.Release|x86.ActiveCfg = Release|Win32
		{A5FDA5A8-2B61-4645-BA36-2C4C0C080C81}.Release|x86.Build.0 = Release|Win32
	EndGlobalSection
	GlobalSection(SolutionProperties) = preSolution
		HideSolutionNode = FALSE
	EndGlobalSection
	GlobalSection(ExtensibilityGlobals) = postSolution
		SolutionGuid = {055EF60A-D039-4978-B1F8-47954708A7C4}
	EndGlobalSection
EndGlobal
