
Microsoft Visual Studio Solution File, Format Version 12.00
# Visual Studio 15
VisualStudioVersion = 15.0.27130.2024
MinimumVisualStudioVersion = 10.0.40219.1
Project("{8BC9CEB8-8B4A-11D0-8D11-00A0C91BC942}") = "四则运算表达式计算", "四则运算表达式计算\四则运算表达式计算.vcxproj", "{10B6B9C0-6A9F-4271-BAA1-5BF2D3D25306}"
EndProject
Global
	GlobalSection(SolutionConfigurationPlatforms) = preSolution
		Debug|x64 = Debug|x64
		Debug|x86 = Debug|x86
		Release|x64 = Release|x64
		Release|x86 = Release|x86
	EndGlobalSection
	GlobalSection(ProjectConfigurationPlatforms) = postSolution
		{10B6B9C0-6A9F-4271-BAA1-5BF2D3D25306}.Debug|x64.ActiveCfg = Debug|x64
		{10B6B9C0-6A9F-4271-BAA1-5BF2D3D25306}.Debug|x64.Build.0 = Debug|x64
		{10B6B9C0-6A9F-4271-BAA1-5BF2D3D25306}.Debug|x86.ActiveCfg = Debug|Win32
		{10B6B9C0-6A9F-4271-BAA1-5BF2D3D25306}.Debug|x86.Build.0 = Debug|Win32
		{10B6B9C0-6A9F-4271-BAA1-5BF2D3D25306}.Release|x64.ActiveCfg = Release|x64
		{10B6B9C0-6A9F-4271-BAA1-5BF2D3D25306}.Release|x64.Build.0 = Release|x64
		{10B6B9C0-6A9F-4271-BAA1-5BF2D3D25306}.Release|x86.ActiveCfg = Release|Win32
		{10B6B9C0-6A9F-4271-BAA1-5BF2D3D25306}.Release|x86.Build.0 = Release|Win32
	EndGlobalSection
	GlobalSection(SolutionProperties) = preSolution
		HideSolutionNode = FALSE
	EndGlobalSection
	GlobalSection(ExtensibilityGlobals) = postSolution
		SolutionGuid = {7ABD63A2-9DB5-41B6-955E-48002FE0D19B}
	EndGlobalSection
EndGlobal
