
Microsoft Visual Studio Solution File, Format Version 12.00
# Visual Studio 15
VisualStudioVersion = 15.0.27130.2024
MinimumVisualStudioVersion = 10.0.40219.1
Project("{8BC9CEB8-8B4A-11D0-8D11-00A0C91BC942}") = "Dijkstra算法", "Dijkstra算法\Dijkstra算法.vcxproj", "{F241EF46-6739-4221-BFA6-EC285135D71A}"
EndProject
Global
	GlobalSection(SolutionConfigurationPlatforms) = preSolution
		Debug|x64 = Debug|x64
		Debug|x86 = Debug|x86
		Release|x64 = Release|x64
		Release|x86 = Release|x86
	EndGlobalSection
	GlobalSection(ProjectConfigurationPlatforms) = postSolution
		{F241EF46-6739-4221-BFA6-EC285135D71A}.Debug|x64.ActiveCfg = Debug|x64
		{F241EF46-6739-4221-BFA6-EC285135D71A}.Debug|x64.Build.0 = Debug|x64
		{F241EF46-6739-4221-BFA6-EC285135D71A}.Debug|x86.ActiveCfg = Debug|Win32
		{F241EF46-6739-4221-BFA6-EC285135D71A}.Debug|x86.Build.0 = Debug|Win32
		{F241EF46-6739-4221-BFA6-EC285135D71A}.Release|x64.ActiveCfg = Release|x64
		{F241EF46-6739-4221-BFA6-EC285135D71A}.Release|x64.Build.0 = Release|x64
		{F241EF46-6739-4221-BFA6-EC285135D71A}.Release|x86.ActiveCfg = Release|Win32
		{F241EF46-6739-4221-BFA6-EC285135D71A}.Release|x86.Build.0 = Release|Win32
	EndGlobalSection
	GlobalSection(SolutionProperties) = preSolution
		HideSolutionNode = FALSE
	EndGlobalSection
	GlobalSection(ExtensibilityGlobals) = postSolution
		SolutionGuid = {A128A12D-C7A3-43B9-95F6-1CEDBFF0B478}
	EndGlobalSection
EndGlobal
