
Microsoft Visual Studio Solution File, Format Version 12.00
# Visual Studio 15
VisualStudioVersion = 15.0.27130.2024
MinimumVisualStudioVersion = 10.0.40219.1
Project("{8BC9CEB8-8B4A-11D0-8D11-00A0C91BC942}") = "二叉树的输入", "二叉树的输入\二叉树的输入.vcxproj", "{5F2C885D-0817-4E88-BCD9-39618216ADBF}"
EndProject
Global
	GlobalSection(SolutionConfigurationPlatforms) = preSolution
		Debug|x64 = Debug|x64
		Debug|x86 = Debug|x86
		Release|x64 = Release|x64
		Release|x86 = Release|x86
	EndGlobalSection
	GlobalSection(ProjectConfigurationPlatforms) = postSolution
		{5F2C885D-0817-4E88-BCD9-39618216ADBF}.Debug|x64.ActiveCfg = Debug|x64
		{5F2C885D-0817-4E88-BCD9-39618216ADBF}.Debug|x64.Build.0 = Debug|x64
		{5F2C885D-0817-4E88-BCD9-39618216ADBF}.Debug|x86.ActiveCfg = Debug|Win32
		{5F2C885D-0817-4E88-BCD9-39618216ADBF}.Debug|x86.Build.0 = Debug|Win32
		{5F2C885D-0817-4E88-BCD9-39618216ADBF}.Release|x64.ActiveCfg = Release|x64
		{5F2C885D-0817-4E88-BCD9-39618216ADBF}.Release|x64.Build.0 = Release|x64
		{5F2C885D-0817-4E88-BCD9-39618216ADBF}.Release|x86.ActiveCfg = Release|Win32
		{5F2C885D-0817-4E88-BCD9-39618216ADBF}.Release|x86.Build.0 = Release|Win32
	EndGlobalSection
	GlobalSection(SolutionProperties) = preSolution
		HideSolutionNode = FALSE
	EndGlobalSection
	GlobalSection(ExtensibilityGlobals) = postSolution
		SolutionGuid = {9C5C6C5D-B873-427E-8B63-DB0E20190A21}
	EndGlobalSection
EndGlobal
