
Microsoft Visual Studio Solution File, Format Version 12.00
# Visual Studio 15
VisualStudioVersion = 15.0.27130.2024
MinimumVisualStudioVersion = 10.0.40219.1
Project("{8BC9CEB8-8B4A-11D0-8D11-00A0C91BC942}") = "回文串划分算法 动态规划", "回文串划分算法 动态规划\回文串划分算法 动态规划.vcxproj", "{1535ABA8-8EAF-4473-BF85-F0651584A5CF}"
EndProject
Global
	GlobalSection(SolutionConfigurationPlatforms) = preSolution
		Debug|x64 = Debug|x64
		Debug|x86 = Debug|x86
		Release|x64 = Release|x64
		Release|x86 = Release|x86
	EndGlobalSection
	GlobalSection(ProjectConfigurationPlatforms) = postSolution
		{1535ABA8-8EAF-4473-BF85-F0651584A5CF}.Debug|x64.ActiveCfg = Debug|x64
		{1535ABA8-8EAF-4473-BF85-F0651584A5CF}.Debug|x64.Build.0 = Debug|x64
		{1535ABA8-8EAF-4473-BF85-F0651584A5CF}.Debug|x86.ActiveCfg = Debug|Win32
		{1535ABA8-8EAF-4473-BF85-F0651584A5CF}.Debug|x86.Build.0 = Debug|Win32
		{1535ABA8-8EAF-4473-BF85-F0651584A5CF}.Release|x64.ActiveCfg = Release|x64
		{1535ABA8-8EAF-4473-BF85-F0651584A5CF}.Release|x64.Build.0 = Release|x64
		{1535ABA8-8EAF-4473-BF85-F0651584A5CF}.Release|x86.ActiveCfg = Release|Win32
		{1535ABA8-8EAF-4473-BF85-F0651584A5CF}.Release|x86.Build.0 = Release|Win32
	EndGlobalSection
	GlobalSection(SolutionProperties) = preSolution
		HideSolutionNode = FALSE
	EndGlobalSection
	GlobalSection(ExtensibilityGlobals) = postSolution
		SolutionGuid = {8A5D59A6-BC55-40D4-BCD2-3D1E5974ED80}
	EndGlobalSection
EndGlobal
