
Microsoft Visual Studio Solution File, Format Version 12.00
# Visual Studio 15
VisualStudioVersion = 15.0.27130.2024
MinimumVisualStudioVersion = 10.0.40219.1
Project("{8BC9CEB8-8B4A-11D0-8D11-00A0C91BC942}") = "最少划分次数", "最少划分次数\最少划分次数.vcxproj", "{A504D4FD-A516-4990-873C-248CBCAEDF33}"
EndProject
Global
	GlobalSection(SolutionConfigurationPlatforms) = preSolution
		Debug|x64 = Debug|x64
		Debug|x86 = Debug|x86
		Release|x64 = Release|x64
		Release|x86 = Release|x86
	EndGlobalSection
	GlobalSection(ProjectConfigurationPlatforms) = postSolution
		{A504D4FD-A516-4990-873C-248CBCAEDF33}.Debug|x64.ActiveCfg = Debug|x64
		{A504D4FD-A516-4990-873C-248CBCAEDF33}.Debug|x64.Build.0 = Debug|x64
		{A504D4FD-A516-4990-873C-248CBCAEDF33}.Debug|x86.ActiveCfg = Debug|Win32
		{A504D4FD-A516-4990-873C-248CBCAEDF33}.Debug|x86.Build.0 = Debug|Win32
		{A504D4FD-A516-4990-873C-248CBCAEDF33}.Release|x64.ActiveCfg = Release|x64
		{A504D4FD-A516-4990-873C-248CBCAEDF33}.Release|x64.Build.0 = Release|x64
		{A504D4FD-A516-4990-873C-248CBCAEDF33}.Release|x86.ActiveCfg = Release|Win32
		{A504D4FD-A516-4990-873C-248CBCAEDF33}.Release|x86.Build.0 = Release|Win32
	EndGlobalSection
	GlobalSection(SolutionProperties) = preSolution
		HideSolutionNode = FALSE
	EndGlobalSection
	GlobalSection(ExtensibilityGlobals) = postSolution
		SolutionGuid = {00753FCE-C950-4AB0-AFF7-BA1D674C37F6}
	EndGlobalSection
EndGlobal
