
Microsoft Visual Studio Solution File, Format Version 12.00
# Visual Studio 15
VisualStudioVersion = 15.0.27130.2024
MinimumVisualStudioVersion = 10.0.40219.1
Project("{8BC9CEB8-8B4A-11D0-8D11-00A0C91BC942}") = "Big Bang", "Big Bang\Big Bang.vcxproj", "{596B279D-6BFC-4816-8608-4FFCFFBA16B7}"
EndProject
Global
	GlobalSection(SolutionConfigurationPlatforms) = preSolution
		Debug|x64 = Debug|x64
		Debug|x86 = Debug|x86
		Release|x64 = Release|x64
		Release|x86 = Release|x86
	EndGlobalSection
	GlobalSection(ProjectConfigurationPlatforms) = postSolution
		{596B279D-6BFC-4816-8608-4FFCFFBA16B7}.Debug|x64.ActiveCfg = Debug|x64
		{596B279D-6BFC-4816-8608-4FFCFFBA16B7}.Debug|x64.Build.0 = Debug|x64
		{596B279D-6BFC-4816-8608-4FFCFFBA16B7}.Debug|x86.ActiveCfg = Debug|Win32
		{596B279D-6BFC-4816-8608-4FFCFFBA16B7}.Debug|x86.Build.0 = Debug|Win32
		{596B279D-6BFC-4816-8608-4FFCFFBA16B7}.Release|x64.ActiveCfg = Release|x64
		{596B279D-6BFC-4816-8608-4FFCFFBA16B7}.Release|x64.Build.0 = Release|x64
		{596B279D-6BFC-4816-8608-4FFCFFBA16B7}.Release|x86.ActiveCfg = Release|Win32
		{596B279D-6BFC-4816-8608-4FFCFFBA16B7}.Release|x86.Build.0 = Release|Win32
	EndGlobalSection
	GlobalSection(SolutionProperties) = preSolution
		HideSolutionNode = FALSE
	EndGlobalSection
	GlobalSection(ExtensibilityGlobals) = postSolution
		SolutionGuid = {7639D83B-DE16-4B1C-999E-3DC4B3EDA123}
	EndGlobalSection
EndGlobal
